{
  "name": "@dharmax/ai-workflow",
  "version": "0.1.0",
  "lockfileVersion": 3,
  "requires": true,
  "packages": {
    "": {
      "name": "@dharmax/ai-workflow",
      "version": "0.1.0",
      "dependencies": {
        "@dharmax/block-patcher": "file:../block-patcher",
        "@dharmax/codebase-parser": "file:../codebase-parser",
        "@dharmax/context-manager": "file:../context-manager",
        "@dharmax/goe-governance": "file:../goe-governance",
        "@dharmax/human2js": "file:../human2js",
        "@dharmax/llm-utils": "file:../llm-utils",
        "@dharmax/shell-proc-utils": "file:../shell-proc-utils",
        "@dharmax/text-compiler": "file:../text-compiler"
      },
      "bin": {
        "ai-workflow": "cli/ai-workflow.mjs"
      },
      "engines": {
        "node": ">=22.0.0"
      }
    },
    "../block-patcher": {
      "name": "@dharmax/block-patcher",
      "version": "0.1.0",
      "license": "MIT",
      "devDependencies": {
        "@types/node": "^22.0.0",
        "esbuild": "^0.28.0",
        "typescript": "^5.0.0"
      }
    },
    "../codebase-parser": {
      "name": "@dharmax/codebase-parser",
      "version": "0.1.0",
      "license": "MIT",
      "devDependencies": {
        "esbuild": "^0.28.0",
        "typescript": "^5.0.0"
      }
    },
    "../context-manager": {
      "name": "@dharmax/context-manager",
      "version": "0.1.0",
      "license": "MIT",
      "devDependencies": {
        "@types/node": "^22.0.0",
        "esbuild": "^0.28.0",
        "typescript": "^5.0.0"
      }
    },
    "../goe-governance": {
      "name": "@dharmax/goe-governance",
      "version": "0.1.0",
      "license": "MIT",
      "dependencies": {
        "@dharmax/llm-utils": "^0.1.0"
      },
      "devDependencies": {
        "@types/node": "^22.0.0",
        "esbuild": "^0.28.0",
        "typescript": "^5.0.0"
      }
    },
    "../human2js": {
      "name": "@dharmax/human2js",
      "version": "0.1.0",
      "license": "MIT",
      "dependencies": {
        "@dharmax/llm-utils": "^0.1.0"
      },
      "devDependencies": {
        "@types/node": "^22.0.0",
        "esbuild": "^0.28.0",
        "typescript": "^5.0.0"
      }
    },
    "../llm-utils": {
      "name": "@dharmax/llm-utils",
      "version": "0.1.1",
      "license": "MIT",
      "dependencies": {
        "@dharmax/pubsub": "^1.2.0"
      },
      "devDependencies": {
        "@types/node": "^22.0.0",
        "esbuild": "^0.28.0",
        "typescript": "^5.0.0"
      }
    },
    "../shell-proc-utils": {
      "name": "@dharmax/shell-proc-utils",
      "version": "0.1.0",
      "license": "MIT",
      "devDependencies": {
        "@types/node": "^22.0.0",
        "esbuild": "^0.28.0",
        "typescript": "^5.0.0"
      }
    },
    "../text-compiler": {
      "name": "@dharmax/text-compiler",
      "version": "1.0.0",
      "dependencies": {
        "@dharmax/context-manager": "^0.1.0",
        "@dharmax/llm-utils": "^0.1.1",
        "acorn": "^8.15.0"
      },
      "devDependencies": {
        "typescript": "^6.0.3"
      }
    },
    "node_modules/@dharmax/block-patcher": {
      "resolved": "../block-patcher",
      "link": true
    },
    "node_modules/@dharmax/codebase-parser": {
      "resolved": "../codebase-parser",
      "link": true
    },
    "node_modules/@dharmax/context-manager": {
      "resolved": "../context-manager",
      "link": true
    },
    "node_modules/@dharmax/goe-governance": {
      "resolved": "../goe-governance",
      "link": true
    },
    "node_modules/@dharmax/human2js": {
      "resolved": "../human2js",
      "link": true
    },
    "node_modules/@dharmax/llm-utils": {
      "resolved": "../llm-utils",
      "link": true
    },
    "node_modules/@dharmax/shell-proc-utils": {
      "resolved": "../shell-proc-utils",
      "link": true
    },
    "node_modules/@dharmax/text-compiler": {
      "resolved": "../text-compiler",
      "link": true
    },
    "packages/block-patcher": {
      "name": "@dharmax/block-patcher",
      "version": "0.1.0",
      "extraneous": true,
      "license": "MIT",
      "devDependencies": {
        "@types/node": "^22.0.0",
        "esbuild": "^0.28.0",
        "typescript": "^5.0.0"
      }
    },
    "packages/llm-utils": {
      "name": "@dharmax/llm-utils",
      "version": "0.1.0",
      "extraneous": true,
      "license": "MIT",
      "devDependencies": {
        "@types/node": "^22.0.0",
        "esbuild": "^0.28.0",
        "typescript": "^5.0.0"
      }
    }
  }
}
